{
  "name": "renderless-studio",
  "version": "2.0.4",
  "lockfileVersion": 3,
  "requires": true,
  "packages": {
    "": {
      "name": "renderless-studio",
      "version": "2.0.4",
      "dependencies": {
        "lucide-react": "^0.575.0",
        "motion": "^12.34.3",
        "react": "^19.2.4",
        "react-dom": "^19.2.4",
        "reactflow": "^11.11.4",
        "zod": "3.23.8",
        "zustand": "^5.0.11"
      },
      "devDependencies": {
        "@types/react": "^19.0.0",
        "@types/react-dom": "^19.0.0",
        "ts-node": "^10.9.1",
        "typescript": "^5.0.0"
      }
    },
    "node_modules/@cspotcode/source-map-support": {
      "version": "0.8.1",
      "resolved": "https://registry.npmjs.org/@cspotcode/source-map-support/-/source-map-support-0.8.1.tgz",
      "integrity": "sha512-IchNf6dN4tHoMFIn/7OE8LWZ19Y6q/67Bmf6vnGREv8RSbBVb9LPJxEcnwrcwX6ixSvaiGoomAUvu4YSxXrVgw==",
      "dev": true,
      "license": "MIT",
      "dependencies": {
        "@jridgewell/trace-mapping": "0.3.9"
      },
      "engines": {
        "node": ">=12"
      }
    },
    "node_modules/@jridgewell/resolve-uri": {
      "version": "3.1.2",
      "resolved": "https://registry.npmjs.org/@jridgewell/resolve-uri/-/resolve-uri-3.1.2.tgz",
      "integrity": "sha512-bRISgCIjP20/tbWSPWMEi54QVPRZExkuD9lJL+UIxUKtwVJA8wW1Trb1jMs1RFXo1CBTNZ/5hpC9QvmKWdopKw==",
      "dev": true,
      "license": "MIT",
      "engines": {
        "node": ">=6.0.0"
      }
    },
    "node_modules/@jridgewell/sourcemap-codec": {
      "version": "1.5.5",
      "resolved": "https://registry.npmjs.org/@jridgewell/sourcemap-codec/-/sourcemap-codec-1.5.5.tgz",
      "integrity": "sha512-cYQ9310grqxueWbl+WuIUIaiUaDcj7WOq5fVhEljNVgRfOUhY9fy2zTvfoqWsnebh8Sl70VScFbICvJnLKB0Og==",
      "dev": true,
      "license": "MIT"
    },
    "node_modules/@jridgewell/trace-mapping": {
      "version": "0.3.9",
      "resolved": "https://registry.npmjs.org/@jridgewell/trace-mapping/-/trace-mapping-0.3.9.tgz",
      "integrity": "sha512-3Belt6tdc8bPgAtbcmdtNJlirVoTmEb5e2gC94PnkwEW9jI6CAHUeoG85tjWP5WquqfavoMtMwiG4P926ZKKuQ==",
      "dev": true,
      "license": "MIT",
      "dependencies": {
        "@jridgewell/resolve-uri": "^3.0.3",
        "@jridgewell/sourcemap-codec": "^1.4.10"
      }
    },
    "node_modules/@reactflow/background": {
      "version": "11.3.14",
      "resolved": "https://registry.npmjs.org/@reactflow/background/-/background-11.3.14.tgz",
      "integrity": "sha512-Gewd7blEVT5Lh6jqrvOgd4G6Qk17eGKQfsDXgyRSqM+CTwDqRldG2LsWN4sNeno6sbqVIC2fZ+rAUBFA9ZEUDA==",
      "license": "MIT",
      "dependencies": {
        "@reactflow/core": "11.11.4",
        "classcat": "^5.0.3",
        "zustand": "^4.4.1"
      },
      "peerDependencies": {
        "react": ">=17",
        "react-dom": ">=17"
      }
    },
    "node_modules/@reactflow/background/node_modules/zustand": {
      "version": "4.5.7",
      "resolved": "https://registry.npmjs.org/zustand/-/zustand-4.5.7.tgz",
      "integrity": "sha512-CHOUy7mu3lbD6o6LJLfllpjkzhHXSBlX8B9+qPddUsIfeF5S/UZ5q0kmCsnRqT1UHFQZchNFDDzMbQsuesHWlw==",
      "license": "MIT",
      "dependencies": {
        "use-sync-external-store": "^1.2.2"
      },
      "engines": {
        "node": ">=12.7.0"
      },
      "peerDependencies": {
        "@types/react": ">=16.8",
        "immer": ">=9.0.6",
        "react": ">=16.8"
      },
      "peerDependenciesMeta": {
        "@types/react": {
          "optional": true
        },
        "immer": {
          "optional": true
        },
        "react": {
          "optional": true
        }
      }
    },
    "node_modules/@reactflow/controls": {
      "version": "11.2.14",
      "resolved": "https://registry.npmjs.org/@reactflow/controls/-/controls-11.2.14.tgz",
      "integrity": "sha512-MiJp5VldFD7FrqaBNIrQ85dxChrG6ivuZ+dcFhPQUwOK3HfYgX2RHdBua+gx+40p5Vw5It3dVNp/my4Z3jF0dw==",
      "license": "MIT",
      "dependencies": {
        "@reactflow/core": "11.11.4",
        "classcat": "^5.0.3",
        "zustand": "^4.4.1"
      },
      "peerDependencies": {
        "react": ">=17",
        "react-dom": ">=17"
      }
    },
    "node_modules/@reactflow/controls/node_modules/zustand": {
      "version": "4.5.7",
      "resolved": "https://registry.npmjs.org/zustand/-/zustand-4.5.7.tgz",
      "integrity": "sha512-CHOUy7mu3lbD6o6LJLfllpjkzhHXSBlX8B9+qPddUsIfeF5S/UZ5q0kmCsnRqT1UHFQZchNFDDzMbQsuesHWlw==",
      "license": "MIT",
      "dependencies": {
        "use-sync-external-store": "^1.2.2"
      },
      "engines": {
        "node": ">=12.7.0"
      },
      "peerDependencies": {
        "@types/react": ">=16.8",
        "immer": ">=9.0.6",
        "react": ">=16.8"
      },
      "peerDependenciesMeta": {
        "@types/react": {
          "optional": true
        },
        "immer": {
          "optional": true
        },
        "react": {
          "optional": true
        }
      }
    },
    "node_modules/@reactflow/core": {
      "version": "11.11.4",
      "resolved": "https://registry.npmjs.org/@reactflow/core/-/core-11.11.4.tgz",
      "integrity": "sha512-H4vODklsjAq3AMq6Np4LE12i1I4Ta9PrDHuBR9GmL8uzTt2l2jh4CiQbEMpvMDcp7xi4be0hgXj+Ysodde/i7Q==",
      "license": "MIT",
      "dependencies": {
        "@types/d3": "^7.4.0",
        "@types/d3-drag": "^3.0.1",
        "@types/d3-selection": "^3.0.3",
        "@types/d3-zoom": "^3.0.1",
        "classcat": "^5.0.3",
        "d3-drag": "^3.0.0",
        "d3-selection": "^3.0.0",
        "d3-zoom": "^3.0.0",
        "zustand": "^4.4.1"
      },
      "peerDependencies": {
        "react": ">=17",
        "react-dom": ">=17"
      }
    },
    "node_modules/@reactflow/core/node_modules/zustand": {
      "version": "4.5.7",
      "resolved": "https://registry.npmjs.org/zustand/-/zustand-4.5.7.tgz",
      "integrity": "sha512-CHOUy7mu3lbD6o6LJLfllpjkzhHXSBlX8B9+qPddUsIfeF5S/UZ5q0kmCsnRqT1UHFQZchNFDDzMbQsuesHWlw==",
      "license": "MIT",
      "dependencies": {
        "use-sync-external-store": "^1.2.2"
      },
      "engines": {
        "node": ">=12.7.0"
      },
      "peerDependencies": {
        "@types/react": ">=16.8",
        "immer": ">=9.0.6",
        "react": ">=16.8"
      },
      "peerDependenciesMeta": {
        "@types/react": {
          "optional": true
        },
        "immer": {
          "optional": true
        },
        "react": {
          "optional": true
        }
      }
    },
    "node_modules/@reactflow/minimap": {
      "version": "11.7.14",
      "resolved": "https://registry.npmjs.org/@reactflow/minimap/-/minimap-11.7.14.tgz",
      "integrity": "sha512-mpwLKKrEAofgFJdkhwR5UQ1JYWlcAAL/ZU/bctBkuNTT1yqV+y0buoNVImsRehVYhJwffSWeSHaBR5/GJjlCSQ==",
      "license": "MIT",
      "dependencies": {
        "@reactflow/core": "11.11.4",
        "@types/d3-selection": "^3.0.3",
        "@types/d3-zoom": "^3.0.1",
        "classcat": "^5.0.3",
        "d3-selection": "^3.0.0",
        "d3-zoom": "^3.0.0",
        "zustand": "^4.4.1"
      },
      "peerDependencies": {
        "react": ">=17",
        "react-dom": ">=17"
      }
    },
    "node_modules/@reactflow/minimap/node_modules/zustand": {
      "version": "4.5.7",
      "resolved": "https://registry.npmjs.org/zustand/-/zustand-4.5.7.tgz",
      "integrity": "sha512-CHOUy7mu3lbD6o6LJLfllpjkzhHXSBlX8B9+qPddUsIfeF5S/UZ5q0kmCsnRqT1UHFQZchNFDDzMbQsuesHWlw==",
      "license": "MIT",
      "dependencies": {
        "use-sync-external-store": "^1.2.2"
      },
      "engines": {
        "node": ">=12.7.0"
      },
      "peerDependencies": {
        "@types/react": ">=16.8",
        "immer": ">=9.0.6",
        "react": ">=16.8"
      },
      "peerDependenciesMeta": {
        "@types/react": {
          "optional": true
        },
        "immer": {
          "optional": true
        },
        "react": {
          "optional": true
        }
      }
    },
    "node_modules/@reactflow/node-resizer": {
      "version": "2.2.14",
      "resolved": "https://registry.npmjs.org/@reactflow/node-resizer/-/node-resizer-2.2.14.tgz",
      "integrity": "sha512-fwqnks83jUlYr6OHcdFEedumWKChTHRGw/kbCxj0oqBd+ekfs+SIp4ddyNU0pdx96JIm5iNFS0oNrmEiJbbSaA==",
      "license": "MIT",
      "dependencies": {
        "@reactflow/core": "11.11.4",
        "classcat": "^5.0.4",
        "d3-drag": "^3.0.0",
        "d3-selection": "^3.0.0",
        "zustand": "^4.4.1"
      },
      "peerDependencies": {
        "react": ">=17",
        "react-dom": ">=17"
      }
    },
    "node_modules/@reactflow/node-resizer/node_modules/zustand": {
      "version": "4.5.7",
      "resolved": "https://registry.npmjs.org/zustand/-/zustand-4.5.7.tgz",
      "integrity": "sha512-CHOUy7mu3lbD6o6LJLfllpjkzhHXSBlX8B9+qPddUsIfeF5S/UZ5q0kmCsnRqT1UHFQZchNFDDzMbQsuesHWlw==",
      "license": "MIT",
      "dependencies": {
        "use-sync-external-store": "^1.2.2"
      },
      "engines": {
        "node": ">=12.7.0"
      },
      "peerDependencies": {
        "@types/react": ">=16.8",
        "immer": ">=9.0.6",
        "react": ">=16.8"
      },
      "peerDependenciesMeta": {
        "@types/react": {
          "optional": true
        },
        "immer": {
          "optional": true
        },
        "react": {
          "optional": true
        }
      }
    },
    "node_modules/@reactflow/node-toolbar": {
      "version": "1.3.14",
      "resolved": "https://registry.npmjs.org/@reactflow/node-toolbar/-/node-toolbar-1.3.14.tgz",
      "integrity": "sha512-rbynXQnH/xFNu4P9H+hVqlEUafDCkEoCy0Dg9mG22Sg+rY/0ck6KkrAQrYrTgXusd+cEJOMK0uOOFCK2/5rSGQ==",
      "license": "MIT",
      "dependencies": {
        "@reactflow/core": "11.11.4",
        "classcat": "^5.0.3",
        "zustand": "^4.4.1"
      },
      "peerDependencies": {
        "react": ">=17",
        "react-dom": ">=17"
      }
    },
    "node_modules/@reactflow/node-toolbar/node_modules/zustand": {
      "version": "4.5.7",
      "resolved": "https://registry.npmjs.org/zustand/-/zustand-4.5.7.tgz",
      "integrity": "sha512-CHOUy7mu3lbD6o6LJLfllpjkzhHXSBlX8B9+qPddUsIfeF5S/UZ5q0kmCsnRqT1UHFQZchNFDDzMbQsuesHWlw==",
      "license": "MIT",
      "dependencies": {
        "use-sync-external-store": "^1.2.2"
      },
      "engines": {
        "node": ">=12.7.0"
      },
      "peerDependencies": {
        "@types/react": ">=16.8",
        "immer": ">=9.0.6",
        "react": ">=16.8"
      },
      "peerDependenciesMeta": {
        "@types/react": {
          "optional": true
        },
        "immer": {
          "optional": true
        },
        "react": {
          "optional": true
        }
      }
    },
    "node_modules/@tsconfig/node10": {
      "version": "1.0.12",
      "resolved": "https://registry.npmjs.org/@tsconfig/node10/-/node10-1.0.12.tgz",
      "integrity": "sha512-UCYBaeFvM11aU2y3YPZ//O5Rhj+xKyzy7mvcIoAjASbigy8mHMryP5cK7dgjlz2hWxh1g5pLw084E0a/wlUSFQ==",
      "dev": true,
      "license": "MIT"
    },
    "node_modules/@tsconfig/node12": {
      "version": "1.0.11",
      "resolved": "https://registry.npmjs.org/@tsconfig/node12/-/node12-1.0.11.tgz",
      "integrity": "sha512-cqefuRsh12pWyGsIoBKJA9luFu3mRxCA+ORZvA4ktLSzIuCUtWVxGIuXigEwO5/ywWFMZ2QEGKWvkZG1zDMTag==",
      "dev": true,
      "license": "MIT"
    },
    "node_modules/@tsconfig/node14": {
      "version": "1.0.3",
      "resolved": "https://registry.npmjs.org/@tsconfig/node14/-/node14-1.0.3.tgz",
      "integrity": "sha512-ysT8mhdixWK6Hw3i1V2AeRqZ5WfXg1G43mqoYlM2nc6388Fq5jcXyr5mRsqViLx/GJYdoL0bfXD8nmF+Zn/Iow==",
      "dev": true,
      "license": "MIT"
    },
    "node_modules/@tsconfig/node16": {
      "version": "1.0.4",
      "resolved": "https://registry.npmjs.org/@tsconfig/node16/-/node16-1.0.4.tgz",
      "integrity": "sha512-vxhUy4J8lyeyinH7Azl1pdd43GJhZH/tP2weN8TntQblOY+A0XbT8DJk1/oCPuOOyg/Ja757rG0CgHcWC8OfMA==",
      "dev": true,
      "license": "MIT"
    },
    "node_modules/@types/d3": {
      "version": "7.4.3",
      "resolved": "https://registry.npmjs.org/@types/d3/-/d3-7.4.3.tgz",
      "integrity": "sha512-lZXZ9ckh5R8uiFVt8ogUNf+pIrK4EsWrx2Np75WvF/eTpJ0FMHNhjXk8CKEx/+gpHbNQyJWehbFaTvqmHWB3ww==",
      "license": "MIT",
      "dependencies": {
        "@types/d3-array": "*",
        "@types/d3-axis": "*",
        "@types/d3-brush": "*",
        "@types/d3-chord": "*",
        "@types/d3-color": "*",
        "@types/d3-contour": "*",
        "@types/d3-delaunay": "*",
        "@types/d3-dispatch": "*",
        "@types/d3-drag": "*",
        "@types/d3-dsv": "*",
        "@types/d3-ease": "*",
        "@types/d3-fetch": "*",
        "@types/d3-force": "*",
        "@types/d3-format": "*",
        "@types/d3-geo": "*",
        "@types/d3-hierarchy": "*",
        "@types/d3-interpolate": "*",
        "@types/d3-path": "*",
        "@types/d3-polygon": "*",
        "@types/d3-quadtree": "*",
        "@types/d3-random": "*",
        "@types/d3-scale": "*",
        "@types/d3-scale-chromatic": "*",
        "@types/d3-selection": "*",
        "@types/d3-shape": "*",
        "@types/d3-time": "*",
        "@types/d3-time-format": "*",
        "@types/d3-timer": "*",
        "@types/d3-transition": "*",
        "@types/d3-zoom": "*"
      }
    },
    "node_modules/@types/d3-array": {
      "version": "3.2.2",
      "resolved": "https://registry.npmjs.org/@types/d3-array/-/d3-array-3.2.2.tgz",
      "integrity": "sha512-hOLWVbm7uRza0BYXpIIW5pxfrKe0W+D5lrFiAEYR+pb6w3N2SwSMaJbXdUfSEv+dT4MfHBLtn5js0LAWaO6otw==",
      "license": "MIT"
    },
    "node_modules/@types/d3-axis": {
      "version": "3.0.6",
      "resolved": "https://registry.npmjs.org/@types/d3-axis/-/d3-axis-3.0.6.tgz",
      "integrity": "sha512-pYeijfZuBd87T0hGn0FO1vQ/cgLk6E1ALJjfkC0oJ8cbwkZl3TpgS8bVBLZN+2jjGgg38epgxb2zmoGtSfvgMw==",
      "license": "MIT",
      "dependencies": {
        "@types/d3-selection": "*"
      }
    },
    "node_modules/@types/d3-brush": {
      "version": "3.0.6",
      "resolved": "https://registry.npmjs.org/@types/d3-brush/-/d3-brush-3.0.6.tgz",
      "integrity": "sha512-nH60IZNNxEcrh6L1ZSMNA28rj27ut/2ZmI3r96Zd+1jrZD++zD3LsMIjWlvg4AYrHn/Pqz4CF3veCxGjtbqt7A==",
      "license": "MIT",
      "dependencies": {
        "@types/d3-selection": "*"
      }
    },
    "node_modules/@types/d3-chord": {
      "version": "3.0.6",
      "resolved": "https://registry.npmjs.org/@types/d3-chord/-/d3-chord-3.0.6.tgz",
      "integrity": "sha512-LFYWWd8nwfwEmTZG9PfQxd17HbNPksHBiJHaKuY1XeqscXacsS2tyoo6OdRsjf+NQYeB6XrNL3a25E3gH69lcg==",
      "license": "MIT"
    },
    "node_modules/@types/d3-color": {
      "version": "3.1.3",
      "resolved": "https://registry.npmjs.org/@types/d3-color/-/d3-color-3.1.3.tgz",
      "integrity": "sha512-iO90scth9WAbmgv7ogoq57O9YpKmFBbmoEoCHDB2xMBY0+/KVrqAaCDyCE16dUspeOvIxFFRI+0sEtqDqy2b4A==",
      "license": "MIT"
    },
    "node_modules/@types/d3-contour": {
      "version": "3.0.6",
      "resolved": "https://registry.npmjs.org/@types/d3-contour/-/d3-contour-3.0.6.tgz",
      "integrity": "sha512-BjzLgXGnCWjUSYGfH1cpdo41/hgdWETu4YxpezoztawmqsvCeep+8QGfiY6YbDvfgHz/DkjeIkkZVJavB4a3rg==",
      "license": "MIT",
      "dependencies": {
        "@types/d3-array": "*",
        "@types/geojson": "*"
      }
    },
    "node_modules/@types/d3-delaunay": {
      "version": "6.0.4",
      "resolved": "https://registry.npmjs.org/@types/d3-delaunay/-/d3-delaunay-6.0.4.tgz",
      "integrity": "sha512-ZMaSKu4THYCU6sV64Lhg6qjf1orxBthaC161plr5KuPHo3CNm8DTHiLw/5Eq2b6TsNP0W0iJrUOFscY6Q450Hw==",
      "license": "MIT"
    },
    "node_modules/@types/d3-dispatch": {
      "version": "3.0.7",
      "resolved": "https://registry.npmjs.org/@types/d3-dispatch/-/d3-dispatch-3.0.7.tgz",
      "integrity": "sha512-5o9OIAdKkhN1QItV2oqaE5KMIiXAvDWBDPrD85e58Qlz1c1kI/J0NcqbEG88CoTwJrYe7ntUCVfeUl2UJKbWgA==",
      "license": "MIT"
    },
    "node_modules/@types/d3-drag": {
      "version": "3.0.7",
      "resolved": "https://registry.npmjs.org/@types/d3-drag/-/d3-drag-3.0.7.tgz",
      "integrity": "sha512-HE3jVKlzU9AaMazNufooRJ5ZpWmLIoc90A37WU2JMmeq28w1FQqCZswHZ3xR+SuxYftzHq6WU6KJHvqxKzTxxQ==",
      "license": "MIT",
      "dependencies": {
        "@types/d3-selection": "*"
      }
    },
    "node_modules/@types/d3-dsv": {
      "version": "3.0.7",
      "resolved": "https://registry.npmjs.org/@types/d3-dsv/-/d3-dsv-3.0.7.tgz",
      "integrity": "sha512-n6QBF9/+XASqcKK6waudgL0pf/S5XHPPI8APyMLLUHd8NqouBGLsU8MgtO7NINGtPBtk9Kko/W4ea0oAspwh9g==",
      "license": "MIT"
    },
    "node_modules/@types/d3-ease": {
      "version": "3.0.2",
      "resolved": "https://registry.npmjs.org/@types/d3-ease/-/d3-ease-3.0.2.tgz",
      "integrity": "sha512-NcV1JjO5oDzoK26oMzbILE6HW7uVXOHLQvHshBUW4UMdZGfiY6v5BeQwh9a9tCzv+CeefZQHJt5SRgK154RtiA==",
      "license": "MIT"
    },
    "node_modules/@types/d3-fetch": {
      "version": "3.0.7",
      "resolved": "https://registry.npmjs.org/@types/d3-fetch/-/d3-fetch-3.0.7.tgz",
      "integrity": "sha512-fTAfNmxSb9SOWNB9IoG5c8Hg6R+AzUHDRlsXsDZsNp6sxAEOP0tkP3gKkNSO/qmHPoBFTxNrjDprVHDQDvo5aA==",
      "license": "MIT",
      "dependencies": {
        "@types/d3-dsv": "*"
      }
    },
    "node_modules/@types/d3-force": {
      "version": "3.0.10",
      "resolved": "https://registry.npmjs.org/@types/d3-force/-/d3-force-3.0.10.tgz",
      "integrity": "sha512-ZYeSaCF3p73RdOKcjj+swRlZfnYpK1EbaDiYICEEp5Q6sUiqFaFQ9qgoshp5CzIyyb/yD09kD9o2zEltCexlgw==",
      "license": "MIT"
    },
    "node_modules/@types/d3-format": {
      "version": "3.0.4",
      "resolved": "https://registry.npmjs.org/@types/d3-format/-/d3-format-3.0.4.tgz",
      "integrity": "sha512-fALi2aI6shfg7vM5KiR1wNJnZ7r6UuggVqtDA+xiEdPZQwy/trcQaHnwShLuLdta2rTymCNpxYTiMZX/e09F4g==",
      "license": "MIT"
    },
    "node_modules/@types/d3-geo": {
      "version": "3.1.0",
      "resolved": "https://registry.npmjs.org/@types/d3-geo/-/d3-geo-3.1.0.tgz",
      "integrity": "sha512-856sckF0oP/diXtS4jNsiQw/UuK5fQG8l/a9VVLeSouf1/PPbBE1i1W852zVwKwYCBkFJJB7nCFTbk6UMEXBOQ==",
      "license": "MIT",
      "dependencies": {
        "@types/geojson": "*"
      }
    },
    "node_modules/@types/d3-hierarchy": {
      "version": "3.1.7",
      "resolved": "https://registry.npmjs.org/@types/d3-hierarchy/-/d3-hierarchy-3.1.7.tgz",
      "integrity": "sha512-tJFtNoYBtRtkNysX1Xq4sxtjK8YgoWUNpIiUee0/jHGRwqvzYxkq0hGVbbOGSz+JgFxxRu4K8nb3YpG3CMARtg==",
      "license": "MIT"
    },
    "node_modules/@types/d3-interpolate": {
      "version": "3.0.4",
      "resolved": "https://registry.npmjs.org/@types/d3-interpolate/-/d3-interpolate-3.0.4.tgz",
      "integrity": "sha512-mgLPETlrpVV1YRJIglr4Ez47g7Yxjl1lj7YKsiMCb27VJH9W8NVM6Bb9d8kkpG/uAQS5AmbA48q2IAolKKo1MA==",
      "license": "MIT",
      "dependencies": {
        "@types/d3-color": "*"
      }
    },
    "node_modules/@types/d3-path": {
      "version": "3.1.1",
      "resolved": "https://registry.npmjs.org/@types/d3-path/-/d3-path-3.1.1.tgz",
      "integrity": "sha512-VMZBYyQvbGmWyWVea0EHs/BwLgxc+MKi1zLDCONksozI4YJMcTt8ZEuIR4Sb1MMTE8MMW49v0IwI5+b7RmfWlg==",
      "license": "MIT"
    },
    "node_modules/@types/d3-polygon": {
      "version": "3.0.2",
      "resolved": "https://registry.npmjs.org/@types/d3-polygon/-/d3-polygon-3.0.2.tgz",
      "integrity": "sha512-ZuWOtMaHCkN9xoeEMr1ubW2nGWsp4nIql+OPQRstu4ypeZ+zk3YKqQT0CXVe/PYqrKpZAi+J9mTs05TKwjXSRA==",
      "license": "MIT"
    },
    "node_modules/@types/d3-quadtree": {
      "version": "3.0.6",
      "resolved": "https://registry.npmjs.org/@types/d3-quadtree/-/d3-quadtree-3.0.6.tgz",
      "integrity": "sha512-oUzyO1/Zm6rsxKRHA1vH0NEDG58HrT5icx/azi9MF1TWdtttWl0UIUsjEQBBh+SIkrpd21ZjEv7ptxWys1ncsg==",
      "license": "MIT"
    },
    "node_modules/@types/d3-random": {
      "version": "3.0.3",
      "resolved": "https://registry.npmjs.org/@types/d3-random/-/d3-random-3.0.3.tgz",
      "integrity": "sha512-Imagg1vJ3y76Y2ea0871wpabqp613+8/r0mCLEBfdtqC7xMSfj9idOnmBYyMoULfHePJyxMAw3nWhJxzc+LFwQ==",
      "license": "MIT"
    },
    "node_modules/@types/d3-scale": {
      "version": "4.0.9",
      "resolved": "https://registry.npmjs.org/@types/d3-scale/-/d3-scale-4.0.9.tgz",
      "integrity": "sha512-dLmtwB8zkAeO/juAMfnV+sItKjlsw2lKdZVVy6LRr0cBmegxSABiLEpGVmSJJ8O08i4+sGR6qQtb6WtuwJdvVw==",
      "license": "MIT",
      "dependencies": {
        "@types/d3-time": "*"
      }
    },
    "node_modules/@types/d3-scale-chromatic": {
      "version": "3.1.0",
      "resolved": "https://registry.npmjs.org/@types/d3-scale-chromatic/-/d3-scale-chromatic-3.1.0.tgz",
      "integrity": "sha512-iWMJgwkK7yTRmWqRB5plb1kadXyQ5Sj8V/zYlFGMUBbIPKQScw+Dku9cAAMgJG+z5GYDoMjWGLVOvjghDEFnKQ==",
      "license": "MIT"
    },
    "node_modules/@types/d3-selection": {
      "version": "3.0.11",
      "resolved": "https://registry.npmjs.org/@types/d3-selection/-/d3-selection-3.0.11.tgz",
      "integrity": "sha512-bhAXu23DJWsrI45xafYpkQ4NtcKMwWnAC/vKrd2l+nxMFuvOT3XMYTIj2opv8vq8AO5Yh7Qac/nSeP/3zjTK0w==",
      "license": "MIT"
    },
    "node_modules/@types/d3-shape": {
      "version": "3.1.8",
      "resolved": "https://registry.npmjs.org/@types/d3-shape/-/d3-shape-3.1.8.tgz",
      "integrity": "sha512-lae0iWfcDeR7qt7rA88BNiqdvPS5pFVPpo5OfjElwNaT2yyekbM0C9vK+yqBqEmHr6lDkRnYNoTBYlAgJa7a4w==",
      "license": "MIT",
      "dependencies": {
        "@types/d3-path": "*"
      }
    },
    "node_modules/@types/d3-time": {
      "version": "3.0.4",
      "resolved": "https://registry.npmjs.org/@types/d3-time/-/d3-time-3.0.4.tgz",
      "integrity": "sha512-yuzZug1nkAAaBlBBikKZTgzCeA+k1uy4ZFwWANOfKw5z5LRhV0gNA7gNkKm7HoK+HRN0wX3EkxGk0fpbWhmB7g==",
      "license": "MIT"
    },
    "node_modules/@types/d3-time-format": {
      "version": "4.0.3",
      "resolved": "https://registry.npmjs.org/@types/d3-time-format/-/d3-time-format-4.0.3.tgz",
      "integrity": "sha512-5xg9rC+wWL8kdDj153qZcsJ0FWiFt0J5RB6LYUNZjwSnesfblqrI/bJ1wBdJ8OQfncgbJG5+2F+qfqnqyzYxyg==",
      "license": "MIT"
    },
    "node_modules/@types/d3-timer": {
      "version": "3.0.2",
      "resolved": "https://registry.npmjs.org/@types/d3-timer/-/d3-timer-3.0.2.tgz",
      "integrity": "sha512-Ps3T8E8dZDam6fUyNiMkekK3XUsaUEik+idO9/YjPtfj2qruF8tFBXS7XhtE4iIXBLxhmLjP3SXpLhVf21I9Lw==",
      "license": "MIT"
    },
    "node_modules/@types/d3-transition": {
      "version": "3.0.9",
      "resolved": "https://registry.npmjs.org/@types/d3-transition/-/d3-transition-3.0.9.tgz",
      "integrity": "sha512-uZS5shfxzO3rGlu0cC3bjmMFKsXv+SmZZcgp0KD22ts4uGXp5EVYGzu/0YdwZeKmddhcAccYtREJKkPfXkZuCg==",
      "license": "MIT",
      "dependencies": {
        "@types/d3-selection": "*"
      }
    },
    "node_modules/@types/d3-zoom": {
      "version": "3.0.8",
      "resolved": "https://registry.npmjs.org/@types/d3-zoom/-/d3-zoom-3.0.8.tgz",
      "integrity": "sha512-iqMC4/YlFCSlO8+2Ii1GGGliCAY4XdeG748w5vQUbevlbDu0zSjH/+jojorQVBK/se0j6DUFNPBGSqD3YWYnDw==",
      "license": "MIT",
      "dependencies": {
        "@types/d3-interpolate": "*",
        "@types/d3-selection": "*"
      }
    },
    "node_modules/@types/geojson": {
      "version": "7946.0.16",
      "resolved": "https://registry.npmjs.org/@types/geojson/-/geojson-7946.0.16.tgz",
      "integrity": "sha512-6C8nqWur3j98U6+lXDfTUWIfgvZU+EumvpHKcYjujKH7woYyLj2sUmff0tRhrqM7BohUw7Pz3ZB1jj2gW9Fvmg==",
      "license": "MIT"
    },
    "node_modules/@types/node": {
      "version": "25.3.0",
      "resolved": "https://registry.npmjs.org/@types/node/-/node-25.3.0.tgz",
      "integrity": "sha512-4K3bqJpXpqfg2XKGK9bpDTc6xO/xoUP/RBWS7AtRMug6zZFaRekiLzjVtAoZMquxoAbzBvy5nxQ7veS5eYzf8A==",
      "dev": true,
      "license": "MIT",
      "peer": true,
      "dependencies": {
        "undici-types": "~7.18.0"
      }
    },
    "node_modules/@types/react": {
      "version": "19.0.0",
      "resolved": "https://registry.npmjs.org/@types/react/-/react-19.0.0.tgz",
      "integrity": "sha512-MY3oPudxvMYyesqs/kW1Bh8y9VqSmf+tzqw3ae8a9DZW68pUe3zAdHeI1jc6iAysuRdACnVknHP8AhwD4/dxtg==",
      "devOptional": true,
      "license": "MIT",
      "dependencies": {
        "csstype": "^3.0.2"
      }
    },
    "node_modules/@types/react-dom": {
      "version": "19.0.0",
      "resolved": "https://registry.npmjs.org/@types/react-dom/-/react-dom-19.0.0.tgz",
      "integrity": "sha512-1KfiQKsH1o00p9m5ag12axHQSb3FOU9H20UTrujVSkNhuCrRHiQWFqgEnTNK5ZNfnzZv8UWrnXVqCmCF9fgY3w==",
      "dev": true,
      "license": "MIT",
      "dependencies": {
        "@types/react": "*"
      }
    },
    "node_modules/acorn": {
      "version": "8.16.0",
      "resolved": "https://registry.npmjs.org/acorn/-/acorn-8.16.0.tgz",
      "integrity": "sha512-UVJyE9MttOsBQIDKw1skb9nAwQuR5wuGD3+82K6JgJlm/Y+KI92oNsMNGZCYdDsVtRHSak0pcV5Dno5+4jh9sw==",
      "dev": true,
      "license": "MIT",
      "bin": {
        "acorn": "bin/acorn"
      },
      "engines": {
        "node": ">=0.4.0"
      }
    },
    "node_modules/acorn-walk": {
      "version": "8.3.5",
      "resolved": "https://registry.npmjs.org/acorn-walk/-/acorn-walk-8.3.5.tgz",
      "integrity": "sha512-HEHNfbars9v4pgpW6SO1KSPkfoS0xVOM/9UzkJltjlsHZmJasxg8aXkuZa7SMf8vKGIBhpUsPluQSqhJFCqebw==",
      "dev": true,
      "license": "MIT",
      "dependencies": {
        "acorn": "^8.11.0"
      },
      "engines": {
        "node": ">=0.4.0"
      }
    },
    "node_modules/arg": {
      "version": "4.1.3",
      "resolved": "https://registry.npmjs.org/arg/-/arg-4.1.3.tgz",
      "integrity": "sha512-58S9QDqG0Xx27YwPSt9fJxivjYl432YCwfDMfZ+71RAqUrZef7LrKQZ3LHLOwCS4FLNBplP533Zx895SeOCHvA==",
      "dev": true,
      "license": "MIT"
    },
    "node_modules/classcat": {
      "version": "5.0.5",
      "resolved": "https://registry.npmjs.org/classcat/-/classcat-5.0.5.tgz",
      "integrity": "sha512-JhZUT7JFcQy/EzW605k/ktHtncoo9vnyW/2GspNYwFlN1C/WmjuV/xtS04e9SOkL2sTdw0VAZ2UGCcQ9lR6p6w==",
      "license": "MIT"
    },
    "node_modules/create-require": {
      "version": "1.1.1",
      "resolved": "https://registry.npmjs.org/create-require/-/create-require-1.1.1.tgz",
      "integrity": "sha512-dcKFX3jn0MpIaXjisoRvexIJVEKzaq7z2rZKxf+MSr9TkdmHmsU4m2lcLojrj/FHl8mk5VxMmYA+ftRkP/3oKQ==",
      "dev": true,
      "license": "MIT"
    },
    "node_modules/csstype": {
      "version": "3.2.3",
      "resolved": "https://registry.npmjs.org/csstype/-/csstype-3.2.3.tgz",
      "integrity": "sha512-z1HGKcYy2xA8AGQfwrn0PAy+PB7X/GSj3UVJW9qKyn43xWa+gl5nXmU4qqLMRzWVLFC8KusUX8T/0kCiOYpAIQ==",
      "devOptional": true,
      "license": "MIT"
    },
    "node_modules/d3-color": {
      "version": "3.1.0",
      "resolved": "https://registry.npmjs.org/d3-color/-/d3-color-3.1.0.tgz",
      "integrity": "sha512-zg/chbXyeBtMQ1LbD/WSoW2DpC3I0mpmPdW+ynRTj/x2DAWYrIY7qeZIHidozwV24m4iavr15lNwIwLxRmOxhA==",
      "license": "ISC",
      "engines": {
        "node": ">=12"
      }
    },
    "node_modules/d3-dispatch": {
      "version": "3.0.1",
      "resolved": "https://registry.npmjs.org/d3-dispatch/-/d3-dispatch-3.0.1.tgz",
      "integrity": "sha512-rzUyPU/S7rwUflMyLc1ETDeBj0NRuHKKAcvukozwhshr6g6c5d8zh4c2gQjY2bZ0dXeGLWc1PF174P2tVvKhfg==",
      "license": "ISC",
      "engines": {
        "node": ">=12"
      }
    },
    "node_modules/d3-drag": {
      "version": "3.0.0",
      "resolved": "https://registry.npmjs.org/d3-drag/-/d3-drag-3.0.0.tgz",
      "integrity": "sha512-pWbUJLdETVA8lQNJecMxoXfH6x+mO2UQo8rSmZ+QqxcbyA3hfeprFgIT//HW2nlHChWeIIMwS2Fq+gEARkhTkg==",
      "license": "ISC",
      "dependencies": {
        "d3-dispatch": "1 - 3",
        "d3-selection": "3"
      },
      "engines": {
        "node": ">=12"
      }
    },
    "node_modules/d3-ease": {
      "version": "3.0.1",
      "resolved": "https://registry.npmjs.org/d3-ease/-/d3-ease-3.0.1.tgz",
      "integrity": "sha512-wR/XK3D3XcLIZwpbvQwQ5fK+8Ykds1ip7A2Txe0yxncXSdq1L9skcG7blcedkOX+ZcgxGAmLX1FrRGbADwzi0w==",
      "license": "BSD-3-Clause",
      "engines": {
        "node": ">=12"
      }
    },
    "node_modules/d3-interpolate": {
      "version": "3.0.1",
      "resolved": "https://registry.npmjs.org/d3-interpolate/-/d3-interpolate-3.0.1.tgz",
      "integrity": "sha512-3bYs1rOD33uo8aqJfKP3JWPAibgw8Zm2+L9vBKEHJ2Rg+viTR7o5Mmv5mZcieN+FRYaAOWX5SJATX6k1PWz72g==",
      "license": "ISC",
      "dependencies": {
        "d3-color": "1 - 3"
      },
      "engines": {
        "node": ">=12"
      }
    },
    "node_modules/d3-selection": {
      "version": "3.0.0",
      "resolved": "https://registry.npmjs.org/d3-selection/-/d3-selection-3.0.0.tgz",
      "integrity": "sha512-fmTRWbNMmsmWq6xJV8D19U/gw/bwrHfNXxrIN+HfZgnzqTHp9jOmKMhsTUjXOJnZOdZY9Q28y4yebKzqDKlxlQ==",
      "license": "ISC",
      "engines": {
        "node": ">=12"
      }
    },
    "node_modules/d3-timer": {
      "version": "3.0.1",
      "resolved": "https://registry.npmjs.org/d3-timer/-/d3-timer-3.0.1.tgz",
      "integrity": "sha512-ndfJ/JxxMd3nw31uyKoY2naivF+r29V+Lc0svZxe1JvvIRmi8hUsrMvdOwgS1o6uBHmiz91geQ0ylPP0aj1VUA==",
      "license": "ISC",
      "engines": {
        "node": ">=12"
      }
    },
    "node_modules/d3-transition": {
      "version": "3.0.1",
      "resolved": "https://registry.npmjs.org/d3-transition/-/d3-transition-3.0.1.tgz",
      "integrity": "sha512-ApKvfjsSR6tg06xrL434C0WydLr7JewBB3V+/39RMHsaXTOG0zmt/OAXeng5M5LBm0ojmxJrpomQVZ1aPvBL4w==",
      "license": "ISC",
      "dependencies": {
        "d3-color": "1 - 3",
        "d3-dispatch": "1 - 3",
        "d3-ease": "1 - 3",
        "d3-interpolate": "1 - 3",
        "d3-timer": "1 - 3"
      },
      "engines": {
        "node": ">=12"
      },
      "peerDependencies": {
        "d3-selection": "2 - 3"
      }
    },
    "node_modules/d3-zoom": {
      "version": "3.0.0",
      "resolved": "https://registry.npmjs.org/d3-zoom/-/d3-zoom-3.0.0.tgz",
      "integrity": "sha512-b8AmV3kfQaqWAuacbPuNbL6vahnOJflOhexLzMMNLga62+/nh0JzvJ0aO/5a5MVgUFGS7Hu1P9P03o3fJkDCyw==",
      "license": "ISC",
      "dependencies": {
        "d3-dispatch": "1 - 3",
        "d3-drag": "2 - 3",
        "d3-interpolate": "1 - 3",
        "d3-selection": "2 - 3",
        "d3-transition": "2 - 3"
      },
      "engines": {
        "node": ">=12"
      }
    },
    "node_modules/diff": {
      "version": "4.0.4",
      "resolved": "https://registry.npmjs.org/diff/-/diff-4.0.4.tgz",
      "integrity": "sha512-X07nttJQkwkfKfvTPG/KSnE2OMdcUCao6+eXF3wmnIQRn2aPAHH3VxDbDOdegkd6JbPsXqShpvEOHfAT+nCNwQ==",
      "dev": true,
      "license": "BSD-3-Clause",
      "engines": {
        "node": ">=0.3.1"
      }
    },
    "node_modules/framer-motion": {
      "version": "12.34.3",
      "resolved": "https://registry.npmjs.org/framer-motion/-/framer-motion-12.34.3.tgz",
      "integrity": "sha512-v81ecyZKYO/DfpTwHivqkxSUBzvceOpoI+wLfgCgoUIKxlFKEXdg0oR9imxwXumT4SFy8vRk9xzJ5l3/Du/55Q==",
      "license": "MIT",
      "dependencies": {
        "motion-dom": "^12.34.3",
        "motion-utils": "^12.29.2",
        "tslib": "^2.4.0"
      },
      "peerDependencies": {
        "@emotion/is-prop-valid": "*",
        "react": "^18.0.0 || ^19.0.0",
        "react-dom": "^18.0.0 || ^19.0.0"
      },
      "peerDependenciesMeta": {
        "@emotion/is-prop-valid": {
          "optional": true
        },
        "react": {
          "optional": true
        },
        "react-dom": {
          "optional": true
        }
      }
    },
    "node_modules/lucide-react": {
      "version": "0.575.0",
      "resolved": "https://registry.npmjs.org/lucide-react/-/lucide-react-0.575.0.tgz",
      "integrity": "sha512-VuXgKZrk0uiDlWjGGXmKV6MSk9Yy4l10qgVvzGn2AWBx1Ylt0iBexKOAoA6I7JO3m+M9oeovJd3yYENfkUbOeg==",
      "license": "ISC",
      "peerDependencies": {
        "react": "^16.5.1 || ^17.0.0 || ^18.0.0 || ^19.0.0"
      }
    },
    "node_modules/make-error": {
      "version": "1.3.6",
      "resolved": "https://registry.npmjs.org/make-error/-/make-error-1.3.6.tgz",
      "integrity": "sha512-s8UhlNe7vPKomQhC1qFelMokr/Sc3AgNbso3n74mVPA5LTZwkB9NlXf4XPamLxJE8h0gh73rM94xvwRT2CVInw==",
      "dev": true,
      "license": "ISC"
    },
    "node_modules/motion": {
      "version": "12.34.3",
      "resolved": "https://registry.npmjs.org/motion/-/motion-12.34.3.tgz",
      "integrity": "sha512-xZIkBGO7v/Uvm+EyaqYd+9IpXu0sZqLywVlGdCFrrMiaO9JI4Kx51mO9KlHSWwll+gZUVY5OJsWgYI5FywJ/tw==",
      "license": "MIT",
      "dependencies": {
        "framer-motion": "^12.34.3",
        "tslib": "^2.4.0"
      },
      "peerDependencies": {
        "@emotion/is-prop-valid": "*",
        "react": "^18.0.0 || ^19.0.0",
        "react-dom": "^18.0.0 || ^19.0.0"
      },
      "peerDependenciesMeta": {
        "@emotion/is-prop-valid": {
          "optional": true
        },
        "react": {
          "optional": true
        },
        "react-dom": {
          "optional": true
        }
      }
    },
    "node_modules/motion-dom": {
      "version": "12.34.3",
      "resolved": "https://registry.npmjs.org/motion-dom/-/motion-dom-12.34.3.tgz",
      "integrity": "sha512-sYgFe+pR9aIM7o4fhs2aXtOI+oqlUd33N9Yoxcgo1Fv7M20sRkHtCmzE/VRNIcq7uNJ+qio+Xubt1FXH3pQ+eQ==",
      "license": "MIT",
      "dependencies": {
        "motion-utils": "^12.29.2"
      }
    },
    "node_modules/motion-utils": {
      "version": "12.29.2",
      "resolved": "https://registry.npmjs.org/motion-utils/-/motion-utils-12.29.2.tgz",
      "integrity": "sha512-G3kc34H2cX2gI63RqU+cZq+zWRRPSsNIOjpdl9TN4AQwC4sgwYPl/Q/Obf/d53nOm569T0fYK+tcoSV50BWx8A==",
      "license": "MIT"
    },
    "node_modules/react": {
      "version": "19.2.4",
      "resolved": "https://registry.npmjs.org/react/-/react-19.2.4.tgz",
      "integrity": "sha512-9nfp2hYpCwOjAN+8TZFGhtWEwgvWHXqESH8qT89AT/lWklpLON22Lc8pEtnpsZz7VmawabSU0gCjnj8aC0euHQ==",
      "license": "MIT",
      "engines": {
        "node": ">=0.10.0"
      }
    },
    "node_modules/react-dom": {
      "version": "19.2.4",
      "resolved": "https://registry.npmjs.org/react-dom/-/react-dom-19.2.4.tgz",
      "integrity": "sha512-AXJdLo8kgMbimY95O2aKQqsz2iWi9jMgKJhRBAxECE4IFxfcazB2LmzloIoibJI3C12IlY20+KFaLv+71bUJeQ==",
      "license": "MIT",
      "dependencies": {
        "scheduler": "^0.27.0"
      },
      "peerDependencies": {
        "react": "^19.2.4"
      }
    },
    "node_modules/reactflow": {
      "version": "11.11.4",
      "resolved": "https://registry.npmjs.org/reactflow/-/reactflow-11.11.4.tgz",
      "integrity": "sha512-70FOtJkUWH3BAOsN+LU9lCrKoKbtOPnz2uq0CV2PLdNSwxTXOhCbsZr50GmZ+Rtw3jx8Uv7/vBFtCGixLfd4Og==",
      "license": "MIT",
      "dependencies": {
        "@reactflow/background": "11.3.14",
        "@reactflow/controls": "11.2.14",
        "@reactflow/core": "11.11.4",
        "@reactflow/minimap": "11.7.14",
        "@reactflow/node-resizer": "2.2.14",
        "@reactflow/node-toolbar": "1.3.14"
      },
      "peerDependencies": {
        "react": ">=17",
        "react-dom": ">=17"
      }
    },
    "node_modules/scheduler": {
      "version": "0.27.0",
      "resolved": "https://registry.npmjs.org/scheduler/-/scheduler-0.27.0.tgz",
      "integrity": "sha512-eNv+WrVbKu1f3vbYJT/xtiF5syA5HPIMtf9IgY/nKg0sWqzAUEvqY/xm7OcZc/qafLx/iO9FgOmeSAp4v5ti/Q==",
      "license": "MIT"
    },
    "node_modules/ts-node": {
      "version": "10.9.2",
      "resolved": "https://registry.npmjs.org/ts-node/-/ts-node-10.9.2.tgz",
      "integrity": "sha512-f0FFpIdcHgn8zcPSbf1dRevwt047YMnaiJM3u2w2RewrB+fob/zePZcrOyQoLMMO7aBIddLcQIEK5dYjkLnGrQ==",
      "dev": true,
      "license": "MIT",
      "dependencies": {
        "@cspotcode/source-map-support": "^0.8.0",
        "@tsconfig/node10": "^1.0.7",
        "@tsconfig/node12": "^1.0.7",
        "@tsconfig/node14": "^1.0.0",
        "@tsconfig/node16": "^1.0.2",
        "acorn": "^8.4.1",
        "acorn-walk": "^8.1.1",
        "arg": "^4.1.0",
        "create-require": "^1.1.0",
        "diff": "^4.0.1",
        "make-error": "^1.1.1",
        "v8-compile-cache-lib": "^3.0.1",
        "yn": "3.1.1"
      },
      "bin": {
        "ts-node": "dist/bin.js",
        "ts-node-cwd": "dist/bin-cwd.js",
        "ts-node-esm": "dist/bin-esm.js",
        "ts-node-script": "dist/bin-script.js",
        "ts-node-transpile-only": "dist/bin-transpile.js",
        "ts-script": "dist/bin-script-deprecated.js"
      },
      "peerDependencies": {
        "@swc/core": ">=1.2.50",
        "@swc/wasm": ">=1.2.50",
        "@types/node": "*",
        "typescript": ">=2.7"
      },
      "peerDependenciesMeta": {
        "@swc/core": {
          "optional": true
        },
        "@swc/wasm": {
          "optional": true
        }
      }
    },
    "node_modules/tslib": {
      "version": "2.8.1",
      "resolved": "https://registry.npmjs.org/tslib/-/tslib-2.8.1.tgz",
      "integrity": "sha512-oJFu94HQb+KVduSUQL7wnpmqnfmLsOA/nAh6b6EH0wCEoK0/mPeXU6c3wKDV83MkOuHPRHtSXKKU99IBazS/2w==",
      "license": "0BSD"
    },
    "node_modules/typescript": {
      "version": "5.9.3",
      "resolved": "https://registry.npmjs.org/typescript/-/typescript-5.9.3.tgz",
      "integrity": "sha512-jl1vZzPDinLr9eUt3J/t7V6FgNEw9QjvBPdysz9KfQDD41fQrC2Y4vKQdiaUpFT4bXlb1RHhLpp8wtm6M5TgSw==",
      "dev": true,
      "license": "Apache-2.0",
      "bin": {
        "tsc": "bin/tsc",
        "tsserver": "bin/tsserver"
      },
      "engines": {
        "node": ">=14.17"
      }
    },
    "node_modules/undici-types": {
      "version": "7.18.2",
      "resolved": "https://registry.npmjs.org/undici-types/-/undici-types-7.18.2.tgz",
      "integrity": "sha512-AsuCzffGHJybSaRrmr5eHr81mwJU3kjw6M+uprWvCXiNeN9SOGwQ3Jn8jb8m3Z6izVgknn1R0FTCEAP2QrLY/w==",
      "dev": true,
      "license": "MIT",
      "peer": true
    },
    "node_modules/use-sync-external-store": {
      "version": "1.6.0",
      "resolved": "https://registry.npmjs.org/use-sync-external-store/-/use-sync-external-store-1.6.0.tgz",
      "integrity": "sha512-Pp6GSwGP/NrPIrxVFAIkOQeyw8lFenOHijQWkUTrDvrF4ALqylP2C/KCkeS9dpUM3KvYRQhna5vt7IL95+ZQ9w==",
      "license": "MIT",
      "peerDependencies": {
        "react": "^16.8.0 || ^17.0.0 || ^18.0.0 || ^19.0.0"
      }
    },
    "node_modules/v8-compile-cache-lib": {
      "version": "3.0.1",
      "resolved": "https://registry.npmjs.org/v8-compile-cache-lib/-/v8-compile-cache-lib-3.0.1.tgz",
      "integrity": "sha512-wa7YjyUGfNZngI/vtK0UHAN+lgDCxBPCylVXGp0zu59Fz5aiGtNXaq3DhIov063MorB+VfufLh3JlF2KdTK3xg==",
      "dev": true,
      "license": "MIT"
    },
    "node_modules/yn": {
      "version": "3.1.1",
      "resolved": "https://registry.npmjs.org/yn/-/yn-3.1.1.tgz",
      "integrity": "sha512-Ux4ygGWsu2c7isFWe8Yu1YluJmqVhxqK2cLXNQA5AcC3QfbGNpM7fu0Y8b/z16pXLnFxZYvWhd3fhBY9DLmC6Q==",
      "dev": true,
      "license": "MIT",
      "engines": {
        "node": ">=6"
      }
    },
    "node_modules/zod": {
      "version": "3.23.8",
      "resolved": "https://registry.npmjs.org/zod/-/zod-3.23.8.tgz",
      "integrity": "sha512-XBx9AXhXktjUqnepgTiE5flcKIYWi/rme0Eaj+5Y0lftuGBq+jyRu/md4WnuxqgP1ubdpNCsYEYPxrzVHD8d6g==",
      "license": "MIT",
      "funding": {
        "url": "https://github.com/sponsors/colinhacks"
      }
    },
    "node_modules/zustand": {
      "version": "5.0.11",
      "resolved": "https://registry.npmjs.org/zustand/-/zustand-5.0.11.tgz",
      "integrity": "sha512-fdZY+dk7zn/vbWNCYmzZULHRrss0jx5pPFiOuMZ/5HJN6Yv3u+1Wswy/4MpZEkEGhtNH+pwxZB8OKgUBPzYAGg==",
      "license": "MIT",
      "engines": {
        "node": ">=12.20.0"
      },
      "peerDependencies": {
        "@types/react": ">=18.0.0",
        "immer": ">=9.0.6",
        "react": ">=18.0.0",
        "use-sync-external-store": ">=1.2.0"
      },
      "peerDependenciesMeta": {
        "@types/react": {
          "optional": true
        },
        "immer": {
          "optional": true
        },
        "react": {
          "optional": true
        },
        "use-sync-external-store": {
          "optional": true
        }
      }
    }
  }
}
